
Microsoft Visual Studio Solution File, Format Version 12.00
# Visual Studio Version 17
VisualStudioVersion = 17.7.34031.279
MinimumVisualStudioVersion = 10.0.40219.1
Project("{8BC9CEB8-8B4A-11D0-8D11-00A0C91BC942}") = "nesting", "nesting\nesting.vcxproj", "{4AA982FB-6162-430A-A2DA-DEC741AA4DD5}"
EndProject
Global
	GlobalSection(SolutionConfigurationPlatforms) = preSolution
		Debug|x64 = Debug|x64
		Debug|x86 = Debug|x86
		Release|x64 = Release|x64
		Release|x86 = Release|x86
	EndGlobalSection
	GlobalSection(ProjectConfigurationPlatforms) = postSolution
		{4AA982FB-6162-430A-A2DA-DEC741AA4DD5}.Debug|x64.ActiveCfg = Debug|x64
		{4AA982FB-6162-430A-A2DA-DEC741AA4DD5}.Debug|x64.Build.0 = Debug|x64
		{4AA982FB-6162-430A-A2DA-DEC741AA4DD5}.Debug|x86.ActiveCfg = Debug|Win32
		{4AA982FB-6162-430A-A2DA-DEC741AA4DD5}.Debug|x86.Build.0 = Debug|Win32
		{4AA982FB-6162-430A-A2DA-DEC741AA4DD5}.Release|x64.ActiveCfg = Release|x64
		{4AA982FB-6162-430A-A2DA-DEC741AA4DD5}.Release|x64.Build.0 = Release|x64
		{4AA982FB-6162-430A-A2DA-DEC741AA4DD5}.Release|x86.ActiveCfg = Release|Win32
		{4AA982FB-6162-430A-A2DA-DEC741AA4DD5}.Release|x86.Build.0 = Release|Win32
	EndGlobalSection
	GlobalSection(SolutionProperties) = preSolution
		HideSolutionNode = FALSE
	EndGlobalSection
	GlobalSection(ExtensibilityGlobals) = postSolution
		SolutionGuid = {216FD846-0540-4DEB-8962-5AE70F6FC782}
	EndGlobalSection
EndGlobal
